
Microsoft Visual Studio Solution File, Format Version 12.00
# Visual Studio Version 17
VisualStudioVersion = 17.5.002.0
MinimumVisualStudioVersion = 10.0.40219.1
Project("{9A19103F-16F7-4668-BE54-9A1E7A4F7556}") = "leet", "leet.csproj", "{13891A79-A0B1-4D99-BFE6-CB0DB5C620E3}"
EndProject
Global
	GlobalSection(SolutionConfigurationPlatforms) = preSolution
		Debug|Any CPU = Debug|Any CPU
		Release|Any CPU = Release|Any CPU
	EndGlobalSection
	GlobalSection(ProjectConfigurationPlatforms) = postSolution
		{13891A79-A0B1-4D99-BFE6-CB0DB5C620E3}.Debug|Any CPU.ActiveCfg = Debug|Any CPU
		{13891A79-A0B1-4D99-BFE6-CB0DB5C620E3}.Debug|Any CPU.Build.0 = Debug|Any CPU
		{13891A79-A0B1-4D99-BFE6-CB0DB5C620E3}.Release|Any CPU.ActiveCfg = Release|Any CPU
		{13891A79-A0B1-4D99-BFE6-CB0DB5C620E3}.Release|Any CPU.Build.0 = Release|Any CPU
	EndGlobalSection
	GlobalSection(SolutionProperties) = preSolution
		HideSolutionNode = FALSE
	EndGlobalSection
	GlobalSection(ExtensibilityGlobals) = postSolution
		SolutionGuid = {699EC39F-6DE8-496E-9AD9-BF3FC61F3FCD}
	EndGlobalSection
EndGlobal
